
Microsoft Visual Studio Solution File, Format Version 12.00
# Visual Studio 15
VisualStudioVersion = 15.0.28307.572
MinimumVisualStudioVersion = 10.0.40219.1
Project("{9A19103F-16F7-4668-BE54-9A1E7A4F7556}") = "LuhnValidator", "LuhnValidator\LuhnValidator.csproj", "{48440D45-0BEC-40E6-AFCD-514C1A03008C}"
EndProject
Project("{FAE04EC0-301F-11D3-BF4B-00C04F79EFBC}") = "LuhnValidatorTest", "LuhnValidatorTest\LuhnValidatorTest.csproj", "{B71B1AF2-75B8-472B-B063-BC1F2102CDB8}"
EndProject
Global
	GlobalSection(SolutionConfigurationPlatforms) = preSolution
		Debug|Any CPU = Debug|Any CPU
		Release|Any CPU = Release|Any CPU
	EndGlobalSection
	GlobalSection(ProjectConfigurationPlatforms) = postSolution
		{48440D45-0BEC-40E6-AFCD-514C1A03008C}.Debug|Any CPU.ActiveCfg = Debug|Any CPU
		{48440D45-0BEC-40E6-AFCD-514C1A03008C}.Debug|Any CPU.Build.0 = Debug|Any CPU
		{48440D45-0BEC-40E6-AFCD-514C1A03008C}.Release|Any CPU.ActiveCfg = Release|Any CPU
		{48440D45-0BEC-40E6-AFCD-514C1A03008C}.Release|Any CPU.Build.0 = Release|Any CPU
		{B71B1AF2-75B8-472B-B063-BC1F2102CDB8}.Debug|Any CPU.ActiveCfg = Debug|Any CPU
		{B71B1AF2-75B8-472B-B063-BC1F2102CDB8}.Debug|Any CPU.Build.0 = Debug|Any CPU
		{B71B1AF2-75B8-472B-B063-BC1F2102CDB8}.Release|Any CPU.ActiveCfg = Release|Any CPU
		{B71B1AF2-75B8-472B-B063-BC1F2102CDB8}.Release|Any CPU.Build.0 = Release|Any CPU
	EndGlobalSection
	GlobalSection(SolutionProperties) = preSolution
		HideSolutionNode = FALSE
	EndGlobalSection
	GlobalSection(ExtensibilityGlobals) = postSolution
		SolutionGuid = {A589D3E2-3E07-4C83-93A0-732F091A539A}
	EndGlobalSection
EndGlobal
